
Microsoft Visual Studio Solution File, Format Version 12.00
# Visual Studio Version 16
VisualStudioVersion = 16.0.35931.194
MinimumVisualStudioVersion = 10.0.40219.1
Project("{FAE04EC0-301F-11D3-BF4B-00C04F79EFBC}") = "ThucHanh", "ThucHanh\ThucHanh.csproj", "{5D1B564B-B116-4157-B926-DAC373C15BD3}"
EndProject
Global
	GlobalSection(SolutionConfigurationPlatforms) = preSolution
		Debug|Any CPU = Debug|Any CPU
		Release|Any CPU = Release|Any CPU
	EndGlobalSection
	GlobalSection(ProjectConfigurationPlatforms) = postSolution
		{5D1B564B-B116-4157-B926-DAC373C15BD3}.Debug|Any CPU.ActiveCfg = Debug|Any CPU
		{5D1B564B-B116-4157-B926-DAC373C15BD3}.Debug|Any CPU.Build.0 = Debug|Any CPU
		{5D1B564B-B116-4157-B926-DAC373C15BD3}.Release|Any CPU.ActiveCfg = Release|Any CPU
		{5D1B564B-B116-4157-B926-DAC373C15BD3}.Release|Any CPU.Build.0 = Release|Any CPU
	EndGlobalSection
	GlobalSection(SolutionProperties) = preSolution
		HideSolutionNode = FALSE
	EndGlobalSection
	GlobalSection(ExtensibilityGlobals) = postSolution
		SolutionGuid = {108A4484-8D32-4CF2-A121-C8DF83DAE8AB}
	EndGlobalSection
EndGlobal
